
Microsoft Visual Studio Solution File, Format Version 12.00
# Visual Studio 14
VisualStudioVersion = 14.0.25420.1
MinimumVisualStudioVersion = 10.0.40219.1
Project("{888888A0-9F3D-457C-B088-3A5042F75D52}") = "tensorflow_open_AI_gym_cart_pole", "tensorflow_open_AI_gym_cart_pole\tensorflow_open_AI_gym_cart_pole.pyproj", "{5B027185-6CDE-420D-91E8-45502CBEFC92}"
EndProject
Global
	GlobalSection(SolutionConfigurationPlatforms) = preSolution
		Debug|Any CPU = Debug|Any CPU
		Release|Any CPU = Release|Any CPU
	EndGlobalSection
	GlobalSection(ProjectConfigurationPlatforms) = postSolution
		{5B027185-6CDE-420D-91E8-45502CBEFC92}.Debug|Any CPU.ActiveCfg = Debug|Any CPU
		{5B027185-6CDE-420D-91E8-45502CBEFC92}.Release|Any CPU.ActiveCfg = Release|Any CPU
	EndGlobalSection
	GlobalSection(SolutionProperties) = preSolution
		HideSolutionNode = FALSE
	EndGlobalSection
EndGlobal
